
Microsoft Visual Studio Solution File, Format Version 12.00
# Visual Studio Version 16
VisualStudioVersion = 16.0.31205.134
MinimumVisualStudioVersion = 10.0.40219.1
Project("{FAE04EC0-301F-11D3-BF4B-00C04F79EFBC}") = "CreateP5aApp", "CreateP5aApp\CreateP5aApp.csproj", "{D138F6E9-FB6F-479E-B880-B9301D97E904}"
EndProject
Global
	GlobalSection(SolutionConfigurationPlatforms) = preSolution
		Debug|Any CPU = Debug|Any CPU
		Release|Any CPU = Release|Any CPU
	EndGlobalSection
	GlobalSection(ProjectConfigurationPlatforms) = postSolution
		{D138F6E9-FB6F-479E-B880-B9301D97E904}.Debug|Any CPU.ActiveCfg = Debug|Any CPU
		{D138F6E9-FB6F-479E-B880-B9301D97E904}.Debug|Any CPU.Build.0 = Debug|Any CPU
		{D138F6E9-FB6F-479E-B880-B9301D97E904}.Release|Any CPU.ActiveCfg = Release|Any CPU
		{D138F6E9-FB6F-479E-B880-B9301D97E904}.Release|Any CPU.Build.0 = Release|Any CPU
	EndGlobalSection
	GlobalSection(SolutionProperties) = preSolution
		HideSolutionNode = FALSE
	EndGlobalSection
	GlobalSection(ExtensibilityGlobals) = postSolution
		SolutionGuid = {DC24F70B-41E9-4529-B349-B471FB9B96FD}
	EndGlobalSection
EndGlobal
